
Microsoft Visual Studio Solution File, Format Version 12.00
# Visual Studio 2013
VisualStudioVersion = 12.0.40629.0
MinimumVisualStudioVersion = 10.0.40219.1
Project("{FAE04EC0-301F-11D3-BF4B-00C04F79EFBC}") = "Agitator.WebSite", "Agitator.WebSite\Agitator.WebSite.csproj", "{5562E2DC-9D88-46FE-B5CC-D63867F2A6D7}"
EndProject
Project("{FAE04EC0-301F-11D3-BF4B-00C04F79EFBC}") = "Agitator.Business", "Agitator.Business\Agitator.Business.csproj", "{F94DC72B-B72A-4F0F-BFF3-24C46A6A8910}"
EndProject
Global
	GlobalSection(SolutionConfigurationPlatforms) = preSolution
		Debug|Any CPU = Debug|Any CPU
		Release|Any CPU = Release|Any CPU
	EndGlobalSection
	GlobalSection(ProjectConfigurationPlatforms) = postSolution
		{5562E2DC-9D88-46FE-B5CC-D63867F2A6D7}.Debug|Any CPU.ActiveCfg = Debug|Any CPU
		{5562E2DC-9D88-46FE-B5CC-D63867F2A6D7}.Debug|Any CPU.Build.0 = Debug|Any CPU
		{5562E2DC-9D88-46FE-B5CC-D63867F2A6D7}.Release|Any CPU.ActiveCfg = Release|Any CPU
		{5562E2DC-9D88-46FE-B5CC-D63867F2A6D7}.Release|Any CPU.Build.0 = Release|Any CPU
		{F94DC72B-B72A-4F0F-BFF3-24C46A6A8910}.Debug|Any CPU.ActiveCfg = Debug|Any CPU
		{F94DC72B-B72A-4F0F-BFF3-24C46A6A8910}.Debug|Any CPU.Build.0 = Debug|Any CPU
		{F94DC72B-B72A-4F0F-BFF3-24C46A6A8910}.Release|Any CPU.ActiveCfg = Release|Any CPU
		{F94DC72B-B72A-4F0F-BFF3-24C46A6A8910}.Release|Any CPU.Build.0 = Release|Any CPU
	EndGlobalSection
	GlobalSection(SolutionProperties) = preSolution
		HideSolutionNode = FALSE
	EndGlobalSection
EndGlobal
